{
  "name": "V0lcanos-Fishmode",
  "lockfileVersion": 3,
  "requires": true,
  "packages": {
    "": {
      "dependencies": {
        "factoriomod-debug": "^1.1.42"
      }
    },
    "node_modules/factoriomod-debug": {
      "version": "1.1.42",
      "resolved": "https://registry.npmjs.org/factoriomod-debug/-/factoriomod-debug-1.1.42.tgz",
      "integrity": "sha512-RRFNXj/91cKp2IH5BTr0vmNYDV3R4G4bmb/Pov1S8ReakB2mI1VlSNvpMp42youd3oNrVQ00+zwgX0T5ryr8TA==",
      "bin": {
        "fmtk": "dist/fmtk.js"
      },
      "engines": {
        "node": ">=18",
        "vscode": "^1.85.0"
      }
    }
  }
}
